
Microsoft Visual Studio Solution File, Format Version 12.00
# Visual Studio 14
VisualStudioVersion = 14.0.25123.0
MinimumVisualStudioVersion = 10.0.40219.1
Project("{FAE04EC0-301F-11D3-BF4B-00C04F79EFBC}") = "ClassBox", "ClassBox\ClassBox.csproj", "{9EC4D377-F598-4D97-AE93-1FE8FE905FE8}"
EndProject
Project("{FAE04EC0-301F-11D3-BF4B-00C04F79EFBC}") = "ClassBoxDataValidation", "ClassBoxDataValidation\ClassBoxDataValidation.csproj", "{72511E91-5A9A-4F4E-A4E6-55DBC21C7651}"
EndProject
Project("{FAE04EC0-301F-11D3-BF4B-00C04F79EFBC}") = "ShoppingSpree", "ShoppingSpree\ShoppingSpree.csproj", "{8F87FD51-FB42-401E-AA8B-9C3A9C19A056}"
EndProject
Global
	GlobalSection(SolutionConfigurationPlatforms) = preSolution
		Debug|Any CPU = Debug|Any CPU
		Release|Any CPU = Release|Any CPU
	EndGlobalSection
	GlobalSection(ProjectConfigurationPlatforms) = postSolution
		{9EC4D377-F598-4D97-AE93-1FE8FE905FE8}.Debug|Any CPU.ActiveCfg = Debug|Any CPU
		{9EC4D377-F598-4D97-AE93-1FE8FE905FE8}.Debug|Any CPU.Build.0 = Debug|Any CPU
		{9EC4D377-F598-4D97-AE93-1FE8FE905FE8}.Release|Any CPU.ActiveCfg = Release|Any CPU
		{9EC4D377-F598-4D97-AE93-1FE8FE905FE8}.Release|Any CPU.Build.0 = Release|Any CPU
		{72511E91-5A9A-4F4E-A4E6-55DBC21C7651}.Debug|Any CPU.ActiveCfg = Debug|Any CPU
		{72511E91-5A9A-4F4E-A4E6-55DBC21C7651}.Debug|Any CPU.Build.0 = Debug|Any CPU
		{72511E91-5A9A-4F4E-A4E6-55DBC21C7651}.Release|Any CPU.ActiveCfg = Release|Any CPU
		{72511E91-5A9A-4F4E-A4E6-55DBC21C7651}.Release|Any CPU.Build.0 = Release|Any CPU
		{8F87FD51-FB42-401E-AA8B-9C3A9C19A056}.Debug|Any CPU.ActiveCfg = Debug|Any CPU
		{8F87FD51-FB42-401E-AA8B-9C3A9C19A056}.Debug|Any CPU.Build.0 = Debug|Any CPU
		{8F87FD51-FB42-401E-AA8B-9C3A9C19A056}.Release|Any CPU.ActiveCfg = Release|Any CPU
		{8F87FD51-FB42-401E-AA8B-9C3A9C19A056}.Release|Any CPU.Build.0 = Release|Any CPU
	EndGlobalSection
	GlobalSection(SolutionProperties) = preSolution
		HideSolutionNode = FALSE
	EndGlobalSection
EndGlobal
