
Microsoft Visual Studio Solution File, Format Version 12.00
# Visual Studio 14
VisualStudioVersion = 14.0.25123.0
MinimumVisualStudioVersion = 10.0.40219.1
Project("{FAE04EC0-301F-11D3-BF4B-00C04F79EFBC}") = "BasicMark-upLanguage", "BasicMark-upLanguage\BasicMark-upLanguage.csproj", "{0D3C565B-05D3-4084-B39B-1BC6DDD4B592}"
EndProject
Project("{FAE04EC0-301F-11D3-BF4B-00C04F79EFBC}") = "afasfafa", "afasfafa\afasfafa.csproj", "{EE1F6102-F1D9-4FDE-8F9D-27D968A7267A}"
EndProject
Global
	GlobalSection(SolutionConfigurationPlatforms) = preSolution
		Debug|Any CPU = Debug|Any CPU
		Release|Any CPU = Release|Any CPU
	EndGlobalSection
	GlobalSection(ProjectConfigurationPlatforms) = postSolution
		{0D3C565B-05D3-4084-B39B-1BC6DDD4B592}.Debug|Any CPU.ActiveCfg = Debug|Any CPU
		{0D3C565B-05D3-4084-B39B-1BC6DDD4B592}.Debug|Any CPU.Build.0 = Debug|Any CPU
		{0D3C565B-05D3-4084-B39B-1BC6DDD4B592}.Release|Any CPU.ActiveCfg = Release|Any CPU
		{0D3C565B-05D3-4084-B39B-1BC6DDD4B592}.Release|Any CPU.Build.0 = Release|Any CPU
		{EE1F6102-F1D9-4FDE-8F9D-27D968A7267A}.Debug|Any CPU.ActiveCfg = Debug|Any CPU
		{EE1F6102-F1D9-4FDE-8F9D-27D968A7267A}.Debug|Any CPU.Build.0 = Debug|Any CPU
		{EE1F6102-F1D9-4FDE-8F9D-27D968A7267A}.Release|Any CPU.ActiveCfg = Release|Any CPU
		{EE1F6102-F1D9-4FDE-8F9D-27D968A7267A}.Release|Any CPU.Build.0 = Release|Any CPU
	EndGlobalSection
	GlobalSection(SolutionProperties) = preSolution
		HideSolutionNode = FALSE
	EndGlobalSection
EndGlobal
